
Microsoft Visual Studio Solution File, Format Version 11.00
# Visual Studio 2010
Project("{FAE04EC0-301F-11D3-BF4B-00C04F79EFBC}") = "com.unity.postprocessing.Runtime", "com.unity.postprocessing.Runtime.csproj", "{9C28F0A0-5120-55C0-A49D-B169A79C7265}"
EndProject
Project("{FAE04EC0-301F-11D3-BF4B-00C04F79EFBC}") = "Assembly-CSharp", "Assembly-CSharp.csproj", "{EE8344C5-7635-9EA7-AF99-5B6FFF2922A0}"
EndProject
Project("{FAE04EC0-301F-11D3-BF4B-00C04F79EFBC}") = "Assembly-CSharp-Editor", "Assembly-CSharp-Editor.csproj", "{B8FF0278-5650-5E61-106C-C4F917B6E6FD}"
EndProject
Project("{FAE04EC0-301F-11D3-BF4B-00C04F79EFBC}") = "com.unity.postprocessing.Editor", "com.unity.postprocessing.Editor.csproj", "{0C3017DA-725A-73C1-259E-37166D57658C}"
EndProject
Global
	GlobalSection(SolutionConfigurationPlatforms) = preSolution
		Debug|Any CPU = Debug|Any CPU
		Release|Any CPU = Release|Any CPU
	EndGlobalSection
	GlobalSection(ProjectConfigurationPlatforms) = postSolution
		{9C28F0A0-5120-55C0-A49D-B169A79C7265}.Debug|Any CPU.ActiveCfg = Debug|Any CPU
		{9C28F0A0-5120-55C0-A49D-B169A79C7265}.Debug|Any CPU.Build.0 = Debug|Any CPU
		{9C28F0A0-5120-55C0-A49D-B169A79C7265}.Release|Any CPU.ActiveCfg = Release|Any CPU
		{9C28F0A0-5120-55C0-A49D-B169A79C7265}.Release|Any CPU.Build.0 = Release|Any CPU
		{EE8344C5-7635-9EA7-AF99-5B6FFF2922A0}.Debug|Any CPU.ActiveCfg = Debug|Any CPU
		{EE8344C5-7635-9EA7-AF99-5B6FFF2922A0}.Debug|Any CPU.Build.0 = Debug|Any CPU
		{EE8344C5-7635-9EA7-AF99-5B6FFF2922A0}.Release|Any CPU.ActiveCfg = Release|Any CPU
		{EE8344C5-7635-9EA7-AF99-5B6FFF2922A0}.Release|Any CPU.Build.0 = Release|Any CPU
		{B8FF0278-5650-5E61-106C-C4F917B6E6FD}.Debug|Any CPU.ActiveCfg = Debug|Any CPU
		{B8FF0278-5650-5E61-106C-C4F917B6E6FD}.Debug|Any CPU.Build.0 = Debug|Any CPU
		{B8FF0278-5650-5E61-106C-C4F917B6E6FD}.Release|Any CPU.ActiveCfg = Release|Any CPU
		{B8FF0278-5650-5E61-106C-C4F917B6E6FD}.Release|Any CPU.Build.0 = Release|Any CPU
		{0C3017DA-725A-73C1-259E-37166D57658C}.Debug|Any CPU.ActiveCfg = Debug|Any CPU
		{0C3017DA-725A-73C1-259E-37166D57658C}.Debug|Any CPU.Build.0 = Debug|Any CPU
		{0C3017DA-725A-73C1-259E-37166D57658C}.Release|Any CPU.ActiveCfg = Release|Any CPU
		{0C3017DA-725A-73C1-259E-37166D57658C}.Release|Any CPU.Build.0 = Release|Any CPU
	EndGlobalSection
	GlobalSection(SolutionProperties) = preSolution
		HideSolutionNode = FALSE
	EndGlobalSection
	GlobalSection(MonoDevelopProperties) = preSolution
		StartupItem = Assembly-CSharp.csproj
	EndGlobalSection
EndGlobal
